<?xml version="1.0" encoding="utf-8"?>
<Project ToolsVersion="4.0" xmlns="http://schemas.microsoft.com/developer/msbuild/2003">
  <ItemGroup>
    <ClCompile Include="singlemesh.cpp" />
    <ClCompile Include="dudkolau.cpp" />
    <ClCompile Include="triangle.cpp" />
    <ClCompile Include="Camera.cpp" />
    <ClCompile Include="Skybox.cpp" />
    <ClCompile Include="Spline.cpp" />
    <ClCompile Include="HardcodedObject.cpp" />
  </ItemGroup>
  <ItemGroup>
    <ClInclude Include="object.h" />
    <ClInclude Include="singlemesh.h" />
    <ClInclude Include="triangle.h" />
    <ClInclude Include="Camera.h" />
    <ClInclude Include="Skybox.h" />
    <ClInclude Include="SceneObjectsData.h" />
    <ClInclude Include="Spline.h" />
    <ClInclude Include="HardcodedObject.h" />
  </ItemGroup>
  <ItemGroup>
    <Filter Include="Shaders">
      <UniqueIdentifier>{11370cd4-40d5-4290-9fde-79344304a6a6}</UniqueIdentifier>
    </Filter>
  </ItemGroup>
  <ItemGroup>
    <None Include="Shaders\simple.frag">
      <Filter>Shaders</Filter>
    </None>
    <None Include="Shaders\simple.vert">
      <Filter>Shaders</Filter>
    </None>
  </ItemGroup>
</Project>